// !$*UTF8*$!
{
	archiveVersion = 1;
	classes = {
	};
	objectVersion = 46;
	objects = {

/* Begin PBXBuildFile section */
		FB0952201CA9DE7F00E95D7F /* AppDelegate.swift in Sources */ = {isa = PBXBuildFile; fileRef = FB09521F1CA9DE7F00E95D7F /* AppDelegate.swift */; };
		FB0952221CA9DE7F00E95D7F /* ViewController.swift in Sources */ = {isa = PBXBuildFile; fileRef = FB0952211CA9DE7F00E95D7F /* ViewController.swift */; };
		FB0952251CA9DE7F00E95D7F /* Main.storyboard in Resources */ = {isa = PBXBuildFile; fileRef = FB0952231CA9DE7F00E95D7F /* Main.storyboard */; };
		FB0952271CA9DE7F00E95D7F /* Assets.xcassets in Resources */ = {isa = PBXBuildFile; fileRef = FB0952261CA9DE7F00E95D7F /* Assets.xcassets */; };
		FB09522A1CA9DE7F00E95D7F /* LaunchScreen.storyboard in Resources */ = {isa = PBXBuildFile; fileRef = FB0952281CA9DE7F00E95D7F /* LaunchScreen.storyboard */; };
		FB0952351CA9DE7F00E95D7F /* ProgressViewTests.swift in Sources */ = {isa = PBXBuildFile; fileRef = FB0952341CA9DE7F00E95D7F /* ProgressViewTests.swift */; };
		FB0952401CA9DE7F00E95D7F /* ProgressViewUITests.swift in Sources */ = {isa = PBXBuildFile; fileRef = FB09523F1CA9DE7F00E95D7F /* ProgressViewUITests.swift */; };
/* End PBXBuildFile section */

/* Begin PBXContainerItemProxy section */
		FB0952311CA9DE7F00E95D7F /* PBXContainerItemProxy */ = {
			isa = PBXContainerItemProxy;
			containerPortal = FB0952141CA9DE7F00E95D7F /* Project object */;
			proxyType = 1;
			remoteGlobalIDString = FB09521B1CA9DE7F00E95D7F;
			remoteInfo = ProgressView;
		};
		FB09523C1CA9DE7F00E95D7F /* PBXContainerItemProxy */ = {
			isa = PBXContainerItemProxy;
			containerPortal = FB0952141CA9DE7F00E95D7F /* Project object */;
			proxyType = 1;
			remoteGlobalIDString = FB09521B1CA9DE7F00E95D7F;
			remoteInfo = ProgressView;
		};
/* End PBXContainerItemProxy section */

/* Begin PBXFileReference section */
		FB09521C1CA9DE7F00E95D7F /* ProgressView.app */ = {isa = PBXFileReference; explicitFileType = wrapper.application; includeInIndex = 0; path = ProgressView.app; sourceTree = BUILT_PRODUCTS_DIR; };
		FB09521F1CA9DE7F00E95D7F /* AppDelegate.swift */ = {isa = PBXFileReference; lastKnownFileType = sourcecode.swift; path = AppDelegate.swift; sourceTree = "<group>"; };
		FB0952211CA9DE7F00E95D7F /* ViewController.swift */ = {isa = PBXFileReference; lastKnownFileType = sourcecode.swift; path = ViewController.swift; sourceTree = "<group>"; };
		FB0952241CA9DE7F00E95D7F /* Base */ = {isa = PBXFileReference; lastKnownFileType = file.storyboard; name = Base; path = Base.lproj/Main.storyboard; sourceTree = "<group>"; };
		FB0952261CA9DE7F00E95D7F /* Assets.xcassets */ = {isa = PBXFileReference; lastKnownFileType = folder.assetcatalog; path = Assets.xcassets; sourceTree = "<group>"; };
		FB0952291CA9DE7F00E95D7F /* Base */ = {isa = PBXFileReference; lastKnownFileType = file.storyboard; name = Base; path = Base.lproj/LaunchScreen.storyboard; sourceTree = "<group>"; };
		FB09522B1CA9DE7F00E95D7F /* Info.plist */ = {isa = PBXFileReference; lastKnownFileType = text.plist.xml; path = Info.plist; sourceTree = "<group>"; };
		FB0952301CA9DE7F00E95D7F /* ProgressViewTests.xctest */ = {isa = PBXFileReference; explicitFileType = wrapper.cfbundle; includeInIndex = 0; path = ProgressViewTests.xctest; sourceTree = BUILT_PRODUCTS_DIR; };
		FB0952341CA9DE7F00E95D7F /* ProgressViewTests.swift */ = {isa = PBXFileReference; lastKnownFileType = sourcecode.swift; path = ProgressViewTests.swift; sourceTree = "<group>"; };
		FB0952361CA9DE7F00E95D7F /* Info.plist */ = {isa = PBXFileReference; lastKnownFileType = text.plist.xml; path = Info.plist; sourceTree = "<group>"; };
		FB09523B1CA9DE7F00E95D7F /* ProgressViewUITests.xctest */ = {isa = PBXFileReference; explicitFileType = wrapper.cfbundle; includeInIndex = 0; path = ProgressViewUITests.xctest; sourceTree = BUILT_PRODUCTS_DIR; };
		FB09523F1CA9DE7F00E95D7F /* ProgressViewUITests.swift */ = {isa = PBXFileReference; lastKnownFileType = sourcecode.swift; path = ProgressViewUITests.swift; sourceTree = "<group>"; };
		FB0952411CA9DE7F00E95D7F /* Info.plist */ = {isa = PBXFileReference; lastKnownFileType = text.plist.xml; path = Info.plist; sourceTree = "<group>"; };
/* End PBXFileReference section */

/* Begin PBXFrameworksBuildPhase section */
		FB0952191CA9DE7F00E95D7F /* Frameworks */ = {
			isa = PBXFrameworksBuildPhase;
			buildActionMask = 2147483647;
			files = (
			);
			runOnlyForDeploymentPostprocessing = 0;
		};
		FB09522D1CA9DE7F00E95D7F /* Frameworks */ = {
			isa = PBXFrameworksBuildPhase;
			buildActionMask = 2147483647;
			files = (
			);
			runOnlyForDeploymentPostprocessing = 0;
		};
		FB0952381CA9DE7F00E95D7F /* Frameworks */ = {
			isa = PBXFrameworksBuildPhase;
			buildActionMask = 2147483647;
			files = (
			);
			runOnlyForDeploymentPostprocessing = 0;
		};
/* End PBXFrameworksBuildPhase section */

/* Begin PBXGroup section */
		FB0952131CA9DE7F00E95D7F = {
			isa = PBXGroup;
			children = (
				FB09521E1CA9DE7F00E95D7F /* ProgressView */,
				FB0952331CA9DE7F00E95D7F /* ProgressViewTests */,
				FB09523E1CA9DE7F00E95D7F /* ProgressViewUITests */,
				FB09521D1CA9DE7F00E95D7F /* Products */,
			);
			sourceTree = "<group>";
		};
		FB09521D1CA9DE7F00E95D7F /* Products */ = {
			isa = PBXGroup;
			children = (
				FB09521C1CA9DE7F00E95D7F /* ProgressView.app */,
				FB0952301CA9DE7F00E95D7F /* ProgressViewTests.xctest */,
				FB09523B1CA9DE7F00E95D7F /* ProgressViewUITests.xctest */,
			);
			name = Products;
			sourceTree = "<group>";
		};
		FB09521E1CA9DE7F00E95D7F /* ProgressView */ = {
			isa = PBXGroup;
			children = (
				FB09521F1CA9DE7F00E95D7F /* AppDelegate.swift */,
				FB0952211CA9DE7F00E95D7F /* ViewController.swift */,
				FB0952231CA9DE7F00E95D7F /* Main.storyboard */,
				FB0952261CA9DE7F00E95D7F /* Assets.xcassets */,
				FB0952281CA9DE7F00E95D7F /* LaunchScreen.storyboard */,
				FB09522B1CA9DE7F00E95D7F /* Info.plist */,
			);
			path = ProgressView;
			sourceTree = "<group>";
		};
		FB0952331CA9DE7F00E95D7F /* ProgressViewTests */ = {
			isa = PBXGroup;
			children = (
				FB0952341CA9DE7F00E95D7F /* ProgressViewTests.swift */,
				FB0952361CA9DE7F00E95D7F /* Info.plist */,
			);
			path = ProgressViewTests;
			sourceTree = "<group>";
		};
		FB09523E1CA9DE7F00E95D7F /* ProgressViewUITests */ = {
			isa = PBXGroup;
			children = (
				FB09523F1CA9DE7F00E95D7F /* ProgressViewUITests.swift */,
				FB0952411CA9DE7F00E95D7F /* Info.plist */,
			);
			path = ProgressViewUITests;
			sourceTree = "<group>";
		};
/* End PBXGroup section */

/* Begin PBXNativeTarget section */
		FB09521B1CA9DE7F00E95D7F /* ProgressView */ = {
			isa = PBXNativeTarget;
			buildConfigurationList = FB0952441CA9DE7F00E95D7F /* Build configuration list for PBXNativeTarget "ProgressView" */;
			buildPhases = (
				FB0952181CA9DE7F00E95D7F /* Sources */,
				FB0952191CA9DE7F00E95D7F /* Frameworks */,
				FB09521A1CA9DE7F00E95D7F /* Resources */,
			);
			buildRules = (
			);
			dependencies = (
			);
			name = ProgressView;
			productName = ProgressView;
			productReference = FB09521C1CA9DE7F00E95D7F /* ProgressView.app */;
			productType = "com.apple.product-type.application";
		};
		FB09522F1CA9DE7F00E95D7F /* ProgressViewTests */ = {
			isa = PBXNativeTarget;
			buildConfigurationList = FB0952471CA9DE7F00E95D7F /* Build configuration list for PBXNativeTarget "ProgressViewTests" */;
			buildPhases = (
				FB09522C1CA9DE7F00E95D7F /* Sources */,
				FB09522D1CA9DE7F00E95D7F /* Frameworks */,
				FB09522E1CA9DE7F00E95D7F /* Resources */,
			);
			buildRules = (
			);
			dependencies = (
				FB0952321CA9DE7F00E95D7F /* PBXTargetDependency */,
			);
			name = ProgressViewTests;
			productName = ProgressViewTests;
			productReference = FB0952301CA9DE7F00E95D7F /* ProgressViewTests.xctest */;
			productType = "com.apple.product-type.bundle.unit-test";
		};
		FB09523A1CA9DE7F00E95D7F /* ProgressViewUITests */ = {
			isa = PBXNativeTarget;
			buildConfigurationList = FB09524A1CA9DE7F00E95D7F /* Build configuration list for PBXNativeTarget "ProgressViewUITests" */;
			buildPhases = (
				FB0952371CA9DE7F00E95D7F /* Sources */,
				FB0952381CA9DE7F00E95D7F /* Frameworks */,
				FB0952391CA9DE7F00E95D7F /* Resources */,
			);
			buildRules = (
			);
			dependencies = (
				FB09523D1CA9DE7F00E95D7F /* PBXTargetDependency */,
			);
			name = ProgressViewUITests;
			productName = ProgressViewUITests;
			productReference = FB09523B1CA9DE7F00E95D7F /* ProgressViewUITests.xctest */;
			productType = "com.apple.product-type.bundle.ui-testing";
		};
/* End PBXNativeTarget section */

/* Begin PBXProject section */
		FB0952141CA9DE7F00E95D7F /* Project object */ = {
			isa = PBXProject;
			attributes = {
				LastSwiftUpdateCheck = 0720;
				LastUpgradeCheck = 0720;
				ORGANIZATIONNAME = "Fidel Gonzalez";
				TargetAttributes = {
					FB09521B1CA9DE7F00E95D7F = {
						CreatedOnToolsVersion = 7.2.1;
						DevelopmentTeam = 86SZP8Z578;
					};
					FB09522F1CA9DE7F00E95D7F = {
						CreatedOnToolsVersion = 7.2.1;
						DevelopmentTeam = 86SZP8Z578;
						TestTargetID = FB09521B1CA9DE7F00E95D7F;
					};
					FB09523A1CA9DE7F00E95D7F = {
						CreatedOnToolsVersion = 7.2.1;
						DevelopmentTeam = 86SZP8Z578;
						TestTargetID = FB09521B1CA9DE7F00E95D7F;
					};
				};
			};
			buildConfigurationList = FB0952171CA9DE7F00E95D7F /* Build configuration list for PBXProject "ProgressView" */;
			compatibilityVersion = "Xcode 3.2";
			developmentRegion = English;
			hasScannedForEncodings = 0;
			knownRegions = (
				en,
				Base,
			);
			mainGroup = FB0952131CA9DE7F00E95D7F;
			productRefGroup = FB09521D1CA9DE7F00E95D7F /* Products */;
			projectDirPath = "";
			projectRoot = "";
			targets = (
				FB09521B1CA9DE7F00E95D7F /* ProgressView */,
				FB09522F1CA9DE7F00E95D7F /* ProgressViewTests */,
				FB09523A1CA9DE7F00E95D7F /* ProgressViewUITests */,
			);
		};
/* End PBXProject section */

/* Begin PBXResourcesBuildPhase section */
		FB09521A1CA9DE7F00E95D7F /* Resources */ = {
			isa = PBXResourcesBuildPhase;
			buildActionMask = 2147483647;
			files = (
				FB09522A1CA9DE7F00E95D7F /* LaunchScreen.storyboard in Resources */,
				FB0952271CA9DE7F00E95D7F /* Assets.xcassets in Resources */,
				FB0952251CA9DE7F00E95D7F /* Main.storyboard in Resources */,
			);
			runOnlyForDeploymentPostprocessing = 0;
		};
		FB09522E1CA9DE7F00E95D7F /* Resources */ = {
			isa = PBXResourcesBuildPhase;
			buildActionMask = 2147483647;
			files = (
			);
			runOnlyForDeploymentPostprocessing = 0;
		};
		FB0952391CA9DE7F00E95D7F /* Resources */ = {
			isa = PBXResourcesBuildPhase;
			buildActionMask = 2147483647;
			files = (
			);
			runOnlyForDeploymentPostprocessing = 0;
		};
/* End PBXResourcesBuildPhase section */

/* Begin PBXSourcesBuildPhase section */
		FB0952181CA9DE7F00E95D7F /* Sources */ = {
			isa = PBXSourcesBuildPhase;
			buildActionMask = 2147483647;
			files = (
				FB0952221CA9DE7F00E95D7F /* ViewController.swift in Sources */,
				FB0952201CA9DE7F00E95D7F /* AppDelegate.swift in Sources */,
			);
			runOnlyForDeploymentPostprocessing = 0;
		};
		FB09522C1CA9DE7F00E95D7F /* Sources */ = {
			isa = PBXSourcesBuildPhase;
			buildActionMask = 2147483647;
			files = (
				FB0952351CA9DE7F00E95D7F /* ProgressViewTests.swift in Sources */,
			);
			runOnlyForDeploymentPostprocessing = 0;
		};
		FB0952371CA9DE7F00E95D7F /* Sources */ = {
			isa = PBXSourcesBuildPhase;
			buildActionMask = 2147483647;
			files = (
				FB0952401CA9DE7F00E95D7F /* ProgressViewUITests.swift in Sources */,
			);
			runOnlyForDeploymentPostprocessing = 0;
		};
/* End PBXSourcesBuildPhase section */

/* Begin PBXTargetDependency section */
		FB0952321CA9DE7F00E95D7F /* PBXTargetDependency */ = {
			isa = PBXTargetDependency;
			target = FB09521B1CA9DE7F00E95D7F /* ProgressView */;
			targetProxy = FB0952311CA9DE7F00E95D7F /* PBXContainerItemProxy */;
		};
		FB09523D1CA9DE7F00E95D7F /* PBXTargetDependency */ = {
			isa = PBXTargetDependency;
			target = FB09521B1CA9DE7F00E95D7F /* ProgressView */;
			targetProxy = FB09523C1CA9DE7F00E95D7F /* PBXContainerItemProxy */;
		};
/* End PBXTargetDependency section */

/* Begin PBXVariantGroup section */
		FB0952231CA9DE7F00E95D7F /* Main.storyboard */ = {
			isa = PBXVariantGroup;
			children = (
				FB0952241CA9DE7F00E95D7F /* Base */,
			);
			name = Main.storyboard;
			sourceTree = "<group>";
		};
		FB0952281CA9DE7F00E95D7F /* LaunchScreen.storyboard */ = {
			isa = PBXVariantGroup;
			children = (
				FB0952291CA9DE7F00E95D7F /* Base */,
			);
			name = LaunchScreen.storyboard;
			sourceTree = "<group>";
		};
/* End PBXVariantGroup section */

/* Begin XCBuildConfiguration section */
		FB0952421CA9DE7F00E95D7F /* Debug */ = {
			isa = XCBuildConfiguration;
			buildSettings = {
				ALWAYS_SEARCH_USER_PATHS = NO;
				CLANG_CXX_LANGUAGE_STANDARD = "gnu++0x";
				CLANG_CXX_LIBRARY = "libc++";
				CLANG_ENABLE_MODULES = YES;
				CLANG_ENABLE_OBJC_ARC = YES;
				CLANG_WARN_BOOL_CONVERSION = YES;
				CLANG_WARN_CONSTANT_CONVERSION = YES;
				CLANG_WARN_DIRECT_OBJC_ISA_USAGE = YES_ERROR;
				CLANG_WARN_EMPTY_BODY = YES;
				CLANG_WARN_ENUM_CONVERSION = YES;
				CLANG_WARN_INT_CONVERSION = YES;
				CLANG_WARN_OBJC_ROOT_CLASS = YES_ERROR;
				CLANG_WARN_UNREACHABLE_CODE = YES;
				CLANG_WARN__DUPLICATE_METHOD_MATCH = YES;
				"CODE_SIGN_IDENTITY[sdk=iphoneos*]" = "iPhone Developer";
				COPY_PHASE_STRIP = NO;
				DEBUG_INFORMATION_FORMAT = dwarf;
				ENABLE_STRICT_OBJC_MSGSEND = YES;
				ENABLE_TESTABILITY = YES;
				GCC_C_LANGUAGE_STANDARD = gnu99;
				GCC_DYNAMIC_NO_PIC = NO;
				GCC_NO_COMMON_BLOCKS = YES;
				GCC_OPTIMIZATION_LEVEL = 0;
				GCC_PREPROCESSOR_DEFINITIONS = (
					"DEBUG=1",
					"$(inherited)",
				);
				GCC_WARN_64_TO_32_BIT_CONVERSION = YES;
				GCC_WARN_ABOUT_RETURN_TYPE = YES_ERROR;
				GCC_WARN_UNDECLARED_SELECTOR = YES;
				GCC_WARN_UNINITIALIZED_AUTOS = YES_AGGRESSIVE;
				GCC_WARN_UNUSED_FUNCTION = YES;
				GCC_WARN_UNUSED_VARIABLE = YES;
				IPHONEOS_DEPLOYMENT_TARGET = 9.2;
				MTL_ENABLE_DEBUG_INFO = YES;
				ONLY_ACTIVE_ARCH = YES;
				SDKROOT = iphoneos;
				SWIFT_OPTIMIZATION_LEVEL = "-Onone";
			};
			name = Debug;
		};
		FB0952431CA9DE7F00E95D7F /* Release */ = {
			isa = XCBuildConfiguration;
			buildSettings = {
				ALWAYS_SEARCH_USER_PATHS = NO;
				CLANG_CXX_LANGUAGE_STANDARD = "gnu++0x";
				CLANG_CXX_LIBRARY = "libc++";
				CLANG_ENABLE_MODULES = YES;
				CLANG_ENABLE_OBJC_ARC = YES;
				CLANG_WARN_BOOL_CONVERSION = YES;
				CLANG_WARN_CONSTANT_CONVERSION = YES;
				CLANG_WARN_DIRECT_OBJC_ISA_USAGE = YES_ERROR;
				CLANG_WARN_EMPTY_BODY = YES;
				CLANG_WARN_ENUM_CONVERSION = YES;
				CLANG_WARN_INT_CONVERSION = YES;
				CLANG_WARN_OBJC_ROOT_CLASS = YES_ERROR;
				CLANG_WARN_UNREACHABLE_CODE = YES;
				CLANG_WARN__DUPLICATE_METHOD_MATCH = YES;
				"CODE_SIGN_IDENTITY[sdk=iphoneos*]" = "iPhone Developer";
				COPY_PHASE_STRIP = NO;
				DEBUG_INFORMATION_FORMAT = "dwarf-with-dsym";
				ENABLE_NS_ASSERTIONS = NO;
				ENABLE_STRICT_OBJC_MSGSEND = YES;
				GCC_C_LANGUAGE_STANDARD = gnu99;
				GCC_NO_COMMON_BLOCKS = YES;
				GCC_WARN_64_TO_32_BIT_CONVERSION = YES;
				GCC_WARN_ABOUT_RETURN_TYPE = YES_ERROR;
				GCC_WARN_UNDECLARED_SELECTOR = YES;
				GCC_WARN_UNINITIALIZED_AUTOS = YES_AGGRESSIVE;
				GCC_WARN_UNUSED_FUNCTION = YES;
				GCC_WARN_UNUSED_VARIABLE = YES;
				IPHONEOS_DEPLOYMENT_TARGET = 9.2;
				MTL_ENABLE_DEBUG_INFO = NO;
				SDKROOT = iphoneos;
				VALIDATE_PRODUCT = YES;
			};
			name = Release;
		};
		FB0952451CA9DE7F00E95D7F /* Debug */ = {
			isa = XCBuildConfiguration;
			buildSettings = {
				ASSETCATALOG_COMPILER_APPICON_NAME = AppIcon;
				INFOPLIST_FILE = ProgressView/Info.plist;
				LD_RUNPATH_SEARCH_PATHS = "$(inherited) @executable_path/Frameworks";
				PRODUCT_BUNDLE_IDENTIFIER = ASU.ProgressView;
				PRODUCT_NAME = "$(TARGET_NAME)";
			};
			name = Debug;
		};
		FB0952461CA9DE7F00E95D7F /* Release */ = {
			isa = XCBuildConfiguration;
			buildSettings = {
				ASSETCATALOG_COMPILER_APPICON_NAME = AppIcon;
				INFOPLIST_FILE = ProgressView/Info.plist;
				LD_RUNPATH_SEARCH_PATHS = "$(inherited) @executable_path/Frameworks";
				PRODUCT_BUNDLE_IDENTIFIER = ASU.ProgressView;
				PRODUCT_NAME = "$(TARGET_NAME)";
			};
			name = Release;
		};
		FB0952481CA9DE7F00E95D7F /* Debug */ = {
			isa = XCBuildConfiguration;
			buildSettings = {
				BUNDLE_LOADER = "$(TEST_HOST)";
				INFOPLIST_FILE = ProgressViewTests/Info.plist;
				LD_RUNPATH_SEARCH_PATHS = "$(inherited) @executable_path/Frameworks @loader_path/Frameworks";
				PRODUCT_BUNDLE_IDENTIFIER = ASU.ProgressViewTests;
				PRODUCT_NAME = "$(TARGET_NAME)";
				TEST_HOST = "$(BUILT_PRODUCTS_DIR)/ProgressView.app/ProgressView";
			};
			name = Debug;
		};
		FB0952491CA9DE7F00E95D7F /* Release */ = {
			isa = XCBuildConfiguration;
			buildSettings = {
				BUNDLE_LOADER = "$(TEST_HOST)";
				INFOPLIST_FILE = ProgressViewTests/Info.plist;
				LD_RUNPATH_SEARCH_PATHS = "$(inherited) @executable_path/Frameworks @loader_path/Frameworks";
				PRODUCT_BUNDLE_IDENTIFIER = ASU.ProgressViewTests;
				PRODUCT_NAME = "$(TARGET_NAME)";
				TEST_HOST = "$(BUILT_PRODUCTS_DIR)/ProgressView.app/ProgressView";
			};
			name = Release;
		};
		FB09524B1CA9DE7F00E95D7F /* Debug */ = {
			isa = XCBuildConfiguration;
			buildSettings = {
				INFOPLIST_FILE = ProgressViewUITests/Info.plist;
				LD_RUNPATH_SEARCH_PATHS = "$(inherited) @executable_path/Frameworks @loader_path/Frameworks";
				PRODUCT_BUNDLE_IDENTIFIER = ASU.ProgressViewUITests;
				PRODUCT_NAME = "$(TARGET_NAME)";
				TEST_TARGET_NAME = ProgressView;
				USES_XCTRUNNER = YES;
			};
			name = Debug;
		};
		FB09524C1CA9DE7F00E95D7F /* Release */ = {
			isa = XCBuildConfiguration;
			buildSettings = {
				INFOPLIST_FILE = ProgressViewUITests/Info.plist;
				LD_RUNPATH_SEARCH_PATHS = "$(inherited) @executable_path/Frameworks @loader_path/Frameworks";
				PRODUCT_BUNDLE_IDENTIFIER = ASU.ProgressViewUITests;
				PRODUCT_NAME = "$(TARGET_NAME)";
				TEST_TARGET_NAME = ProgressView;
				USES_XCTRUNNER = YES;
			};
			name = Release;
		};
/* End XCBuildConfiguration section */

/* Begin XCConfigurationList section */
		FB0952171CA9DE7F00E95D7F /* Build configuration list for PBXProject "ProgressView" */ = {
			isa = XCConfigurationList;
			buildConfigurations = (
				FB0952421CA9DE7F00E95D7F /* Debug */,
				FB0952431CA9DE7F00E95D7F /* Release */,
			);
			defaultConfigurationIsVisible = 0;
			defaultConfigurationName = Release;
		};
		FB0952441CA9DE7F00E95D7F /* Build configuration list for PBXNativeTarget "ProgressView" */ = {
			isa = XCConfigurationList;
			buildConfigurations = (
				FB0952451CA9DE7F00E95D7F /* Debug */,
				FB0952461CA9DE7F00E95D7F /* Release */,
			);
			defaultConfigurationIsVisible = 0;
		};
		FB0952471CA9DE7F00E95D7F /* Build configuration list for PBXNativeTarget "ProgressViewTests" */ = {
			isa = XCConfigurationList;
			buildConfigurations = (
				FB0952481CA9DE7F00E95D7F /* Debug */,
				FB0952491CA9DE7F00E95D7F /* Release */,
			);
			defaultConfigurationIsVisible = 0;
		};
		FB09524A1CA9DE7F00E95D7F /* Build configuration list for PBXNativeTarget "ProgressViewUITests" */ = {
			isa = XCConfigurationList;
			buildConfigurations = (
				FB09524B1CA9DE7F00E95D7F /* Debug */,
				FB09524C1CA9DE7F00E95D7F /* Release */,
			);
			defaultConfigurationIsVisible = 0;
		};
/* End XCConfigurationList section */
	};
	rootObject = FB0952141CA9DE7F00E95D7F /* Project object */;
}
